hash: 451bb0022d35e836c654d2dfb64d4f913b2d127b902479af7d7cd8fcae504517
updated: 2017-01-15T16:57:14.948657987-08:00
imports:
- name: github.com/labstack/echo
  version: 8d504c1b699c757b267255c53b3e5219f9974abc
- name: github.com/lib/pq
  version: 8df6253d1317616f36b0c3740eb30c239a7372cb
- name: github.com/stretchr/testify
  version: 69483b4bd14f5845b5a1e55bca19e954e827f1d0
testImports: []
