hash: a1e4398ce03220b392323fbbf0a105f4a03bd13ae849cbb8fe266e3d1da73071
updated: 2017-01-20T02:03:13.101221802-08:00
imports:
- name: github.com/gocassa/gocassa
  version: ac7d6d3a2dbe1f0733d1b6357d7bb3f90177b00e
- name: github.com/labstack/echo
  version: 8d504c1b699c757b267255c53b3e5219f9974abc
- name: github.com/stretchr/testify
  version: 69483b4bd14f5845b5a1e55bca19e954e827f1d0
testImports: []
